
Microsoft Visual Studio Solution File, Format Version 12.00
# Visual Studio Version 16
VisualStudioVersion = 16.0.32901.82
MinimumVisualStudioVersion = 10.0.40219.1
Project("{FAE04EC0-301F-11D3-BF4B-00C04F79EFBC}") = "StringsAndIntegersSubAssignment", "StringsAndIntegersSubAssignment\StringsAndIntegersSubAssignment.csproj", "{3A3D9950-9AB4-430E-AF1F-5A70B8C71338}"
EndProject
Global
	GlobalSection(SolutionConfigurationPlatforms) = preSolution
		Debug|Any CPU = Debug|Any CPU
		Release|Any CPU = Release|Any CPU
	EndGlobalSection
	GlobalSection(ProjectConfigurationPlatforms) = postSolution
		{3A3D9950-9AB4-430E-AF1F-5A70B8C71338}.Debug|Any CPU.ActiveCfg = Debug|Any CPU
		{3A3D9950-9AB4-430E-AF1F-5A70B8C71338}.Debug|Any CPU.Build.0 = Debug|Any CPU
		{3A3D9950-9AB4-430E-AF1F-5A70B8C71338}.Release|Any CPU.ActiveCfg = Release|Any CPU
		{3A3D9950-9AB4-430E-AF1F-5A70B8C71338}.Release|Any CPU.Build.0 = Release|Any CPU
	EndGlobalSection
	GlobalSection(SolutionProperties) = preSolution
		HideSolutionNode = FALSE
	EndGlobalSection
	GlobalSection(ExtensibilityGlobals) = postSolution
		SolutionGuid = {9A2482F2-FACE-4E5B-B043-3793BA1F8481}
	EndGlobalSection
EndGlobal
