
Microsoft Visual Studio Solution File, Format Version 12.00
# Visual Studio Version 16
VisualStudioVersion = 16.0.32901.82
MinimumVisualStudioVersion = 10.0.40219.1
Project("{9A19103F-16F7-4668-BE54-9A1E7A4F7556}") = "Game_TwentyOne_ConsoleApp", "Game_TwentyOne_ConsoleApp\Game_TwentyOne_ConsoleApp.csproj", "{CC27BDB9-1B34-4E42-8CEA-9BDFB2711B14}"
EndProject
Project("{FAE04EC0-301F-11D3-BF4B-00C04F79EFBC}") = "Casino", "Casino\Casino.csproj", "{0C0C9C5F-DF0F-4AEB-AABD-8466CFCC9B58}"
EndProject
Global
	GlobalSection(SolutionConfigurationPlatforms) = preSolution
		Debug|Any CPU = Debug|Any CPU
		Release|Any CPU = Release|Any CPU
	EndGlobalSection
	GlobalSection(ProjectConfigurationPlatforms) = postSolution
		{CC27BDB9-1B34-4E42-8CEA-9BDFB2711B14}.Debug|Any CPU.ActiveCfg = Debug|Any CPU
		{CC27BDB9-1B34-4E42-8CEA-9BDFB2711B14}.Debug|Any CPU.Build.0 = Debug|Any CPU
		{CC27BDB9-1B34-4E42-8CEA-9BDFB2711B14}.Release|Any CPU.ActiveCfg = Release|Any CPU
		{CC27BDB9-1B34-4E42-8CEA-9BDFB2711B14}.Release|Any CPU.Build.0 = Release|Any CPU
		{0C0C9C5F-DF0F-4AEB-AABD-8466CFCC9B58}.Debug|Any CPU.ActiveCfg = Debug|Any CPU
		{0C0C9C5F-DF0F-4AEB-AABD-8466CFCC9B58}.Debug|Any CPU.Build.0 = Debug|Any CPU
		{0C0C9C5F-DF0F-4AEB-AABD-8466CFCC9B58}.Release|Any CPU.ActiveCfg = Release|Any CPU
		{0C0C9C5F-DF0F-4AEB-AABD-8466CFCC9B58}.Release|Any CPU.Build.0 = Release|Any CPU
	EndGlobalSection
	GlobalSection(SolutionProperties) = preSolution
		HideSolutionNode = FALSE
	EndGlobalSection
	GlobalSection(ExtensibilityGlobals) = postSolution
		SolutionGuid = {3C6CA8F4-4D51-4894-8B5F-C759A5EF99C9}
	EndGlobalSection
EndGlobal
