
Microsoft Visual Studio Solution File, Format Version 12.00
# Visual Studio Version 16
VisualStudioVersion = 16.0.32929.386
MinimumVisualStudioVersion = 10.0.40219.1
Project("{FAE04EC0-301F-11D3-BF4B-00C04F79EFBC}") = "EF_CodeFirst_StudentDB_FinalChallenge", "EF_CodeFirst_StudentDB_FinalChallenge\EF_CodeFirst_StudentDB_FinalChallenge.csproj", "{2DD027F0-F63B-45D4-9F1B-C7F4368AEB25}"
EndProject
Global
	GlobalSection(SolutionConfigurationPlatforms) = preSolution
		Debug|Any CPU = Debug|Any CPU
		Release|Any CPU = Release|Any CPU
	EndGlobalSection
	GlobalSection(ProjectConfigurationPlatforms) = postSolution
		{2DD027F0-F63B-45D4-9F1B-C7F4368AEB25}.Debug|Any CPU.ActiveCfg = Debug|Any CPU
		{2DD027F0-F63B-45D4-9F1B-C7F4368AEB25}.Debug|Any CPU.Build.0 = Debug|Any CPU
		{2DD027F0-F63B-45D4-9F1B-C7F4368AEB25}.Release|Any CPU.ActiveCfg = Release|Any CPU
		{2DD027F0-F63B-45D4-9F1B-C7F4368AEB25}.Release|Any CPU.Build.0 = Release|Any CPU
	EndGlobalSection
	GlobalSection(SolutionProperties) = preSolution
		HideSolutionNode = FALSE
	EndGlobalSection
	GlobalSection(ExtensibilityGlobals) = postSolution
		SolutionGuid = {DC0F1345-ED91-42E9-8817-F7FEA252AFDA}
	EndGlobalSection
EndGlobal
