
Microsoft Visual Studio Solution File, Format Version 12.00
# Visual Studio Version 16
VisualStudioVersion = 16.0.32901.82
MinimumVisualStudioVersion = 10.0.40219.1
Project("{FAE04EC0-301F-11D3-BF4B-00C04F79EFBC}") = "CallingMethodsSubAssignment", "CallingMethodsSubAssignment\CallingMethodsSubAssignment.csproj", "{C165A039-1EA9-40D3-81AF-FC090046F631}"
EndProject
Global
	GlobalSection(SolutionConfigurationPlatforms) = preSolution
		Debug|Any CPU = Debug|Any CPU
		Release|Any CPU = Release|Any CPU
	EndGlobalSection
	GlobalSection(ProjectConfigurationPlatforms) = postSolution
		{C165A039-1EA9-40D3-81AF-FC090046F631}.Debug|Any CPU.ActiveCfg = Debug|Any CPU
		{C165A039-1EA9-40D3-81AF-FC090046F631}.Debug|Any CPU.Build.0 = Debug|Any CPU
		{C165A039-1EA9-40D3-81AF-FC090046F631}.Release|Any CPU.ActiveCfg = Release|Any CPU
		{C165A039-1EA9-40D3-81AF-FC090046F631}.Release|Any CPU.Build.0 = Release|Any CPU
	EndGlobalSection
	GlobalSection(SolutionProperties) = preSolution
		HideSolutionNode = FALSE
	EndGlobalSection
	GlobalSection(ExtensibilityGlobals) = postSolution
		SolutionGuid = {0A56CA5E-5BDE-4024-A36A-77896F298574}
	EndGlobalSection
EndGlobal
