
Microsoft Visual Studio Solution File, Format Version 12.00
# Visual Studio Version 16
VisualStudioVersion = 16.0.32901.82
MinimumVisualStudioVersion = 10.0.40219.1
Project("{FAE04EC0-301F-11D3-BF4B-00C04F79EFBC}") = "Loops", "Loops\Loops.csproj", "{257634BE-4954-4FFF-823B-39F8D6A50A73}"
EndProject
Global
	GlobalSection(SolutionConfigurationPlatforms) = preSolution
		Debug|Any CPU = Debug|Any CPU
		Release|Any CPU = Release|Any CPU
	EndGlobalSection
	GlobalSection(ProjectConfigurationPlatforms) = postSolution
		{257634BE-4954-4FFF-823B-39F8D6A50A73}.Debug|Any CPU.ActiveCfg = Debug|Any CPU
		{257634BE-4954-4FFF-823B-39F8D6A50A73}.Debug|Any CPU.Build.0 = Debug|Any CPU
		{257634BE-4954-4FFF-823B-39F8D6A50A73}.Release|Any CPU.ActiveCfg = Release|Any CPU
		{257634BE-4954-4FFF-823B-39F8D6A50A73}.Release|Any CPU.Build.0 = Release|Any CPU
	EndGlobalSection
	GlobalSection(SolutionProperties) = preSolution
		HideSolutionNode = FALSE
	EndGlobalSection
	GlobalSection(ExtensibilityGlobals) = postSolution
		SolutionGuid = {438F0A17-0D3D-410A-84D7-295D1A2E86CA}
	EndGlobalSection
EndGlobal
