
Microsoft Visual Studio Solution File, Format Version 12.00
# Visual Studio Version 16
VisualStudioVersion = 16.0.32901.82
MinimumVisualStudioVersion = 10.0.40219.1
Project("{FAE04EC0-301F-11D3-BF4B-00C04F79EFBC}") = "Assignment7-Parsing Enums", "Assignment7-Parsing Enums\Assignment7-Parsing Enums.csproj", "{B9034CB1-7738-4D42-BA5B-3BEDBC0B6406}"
EndProject
Global
	GlobalSection(SolutionConfigurationPlatforms) = preSolution
		Debug|Any CPU = Debug|Any CPU
		Release|Any CPU = Release|Any CPU
	EndGlobalSection
	GlobalSection(ProjectConfigurationPlatforms) = postSolution
		{B9034CB1-7738-4D42-BA5B-3BEDBC0B6406}.Debug|Any CPU.ActiveCfg = Debug|Any CPU
		{B9034CB1-7738-4D42-BA5B-3BEDBC0B6406}.Debug|Any CPU.Build.0 = Debug|Any CPU
		{B9034CB1-7738-4D42-BA5B-3BEDBC0B6406}.Release|Any CPU.ActiveCfg = Release|Any CPU
		{B9034CB1-7738-4D42-BA5B-3BEDBC0B6406}.Release|Any CPU.Build.0 = Release|Any CPU
	EndGlobalSection
	GlobalSection(SolutionProperties) = preSolution
		HideSolutionNode = FALSE
	EndGlobalSection
	GlobalSection(ExtensibilityGlobals) = postSolution
		SolutionGuid = {28AAFE20-E328-415D-8D71-56252EC9BE3F}
	EndGlobalSection
EndGlobal
