
Microsoft Visual Studio Solution File, Format Version 12.00
# Visual Studio Version 16
VisualStudioVersion = 16.0.32802.440
MinimumVisualStudioVersion = 10.0.40219.1
Project("{FAE04EC0-301F-11D3-BF4B-00C04F79EFBC}") = "AcmeAccountingWelcome", "AcmeAccountingWelcome\AcmeAccountingWelcome.csproj", "{0641B562-2B78-47D2-9584-32D66E9DACCA}"
EndProject
Global
	GlobalSection(SolutionConfigurationPlatforms) = preSolution
		Debug|Any CPU = Debug|Any CPU
		Release|Any CPU = Release|Any CPU
	EndGlobalSection
	GlobalSection(ProjectConfigurationPlatforms) = postSolution
		{0641B562-2B78-47D2-9584-32D66E9DACCA}.Debug|Any CPU.ActiveCfg = Debug|Any CPU
		{0641B562-2B78-47D2-9584-32D66E9DACCA}.Debug|Any CPU.Build.0 = Debug|Any CPU
		{0641B562-2B78-47D2-9584-32D66E9DACCA}.Release|Any CPU.ActiveCfg = Release|Any CPU
		{0641B562-2B78-47D2-9584-32D66E9DACCA}.Release|Any CPU.Build.0 = Release|Any CPU
	EndGlobalSection
	GlobalSection(SolutionProperties) = preSolution
		HideSolutionNode = FALSE
	EndGlobalSection
	GlobalSection(ExtensibilityGlobals) = postSolution
		SolutionGuid = {D6CDB745-797A-4B64-BC70-D2F5A20BDE74}
	EndGlobalSection
EndGlobal
